
Microsoft Visual Studio Solution File, Format Version 12.00
# Visual Studio Version 17
VisualStudioVersion = 17.14.37203.1 d17.14
MinimumVisualStudioVersion = 10.0.40219.1
Project("{FAE04EC0-301F-11D3-BF4B-00C04F79EFBC}") = "Web_API_Quiz", "Web_API_Quiz.csproj", "{42F9A6E6-331D-4D47-B734-05752F3FDDB6}"
EndProject
Global
	GlobalSection(SolutionConfigurationPlatforms) = preSolution
		Debug|Any CPU = Debug|Any CPU
		Release|Any CPU = Release|Any CPU
	EndGlobalSection
	GlobalSection(ProjectConfigurationPlatforms) = postSolution
		{42F9A6E6-331D-4D47-B734-05752F3FDDB6}.Debug|Any CPU.ActiveCfg = Debug|Any CPU
		{42F9A6E6-331D-4D47-B734-05752F3FDDB6}.Debug|Any CPU.Build.0 = Debug|Any CPU
		{42F9A6E6-331D-4D47-B734-05752F3FDDB6}.Release|Any CPU.ActiveCfg = Release|Any CPU
		{42F9A6E6-331D-4D47-B734-05752F3FDDB6}.Release|Any CPU.Build.0 = Release|Any CPU
	EndGlobalSection
	GlobalSection(SolutionProperties) = preSolution
		HideSolutionNode = FALSE
	EndGlobalSection
	GlobalSection(ExtensibilityGlobals) = postSolution
		SolutionGuid = {20C35DC0-CE9F-415E-A22A-45CBF238DB27}
	EndGlobalSection
EndGlobal
